
Microsoft Visual Studio Solution File, Format Version 12.00
# Visual Studio Version 17
VisualStudioVersion = 17.5.33530.505
MinimumVisualStudioVersion = 10.0.40219.1
Project("{FAE04EC0-301F-11D3-BF4B-00C04F79EFBC}") = "first_program", "first_program\first_program.csproj", "{01BE28DA-7D0A-4F3B-9561-C59E08C58BE9}"
EndProject
Global
	GlobalSection(SolutionConfigurationPlatforms) = preSolution
		Debug|Any CPU = Debug|Any CPU
		Release|Any CPU = Release|Any CPU
	EndGlobalSection
	GlobalSection(ProjectConfigurationPlatforms) = postSolution
		{01BE28DA-7D0A-4F3B-9561-C59E08C58BE9}.Debug|Any CPU.ActiveCfg = Debug|Any CPU
		{01BE28DA-7D0A-4F3B-9561-C59E08C58BE9}.Debug|Any CPU.Build.0 = Debug|Any CPU
		{01BE28DA-7D0A-4F3B-9561-C59E08C58BE9}.Release|Any CPU.ActiveCfg = Release|Any CPU
		{01BE28DA-7D0A-4F3B-9561-C59E08C58BE9}.Release|Any CPU.Build.0 = Release|Any CPU
	EndGlobalSection
	GlobalSection(SolutionProperties) = preSolution
		HideSolutionNode = FALSE
	EndGlobalSection
	GlobalSection(ExtensibilityGlobals) = postSolution
		SolutionGuid = {2E31E2EB-AA6F-4883-BDAF-22E78F2BD000}
	EndGlobalSection
EndGlobal
