
Microsoft Visual Studio Solution File, Format Version 12.00
# Visual Studio Version 16
VisualStudioVersion = 25.0.1706.7
MinimumVisualStudioVersion = 10.0.40219.1
Project("{FAE04EC0-301F-11D3-BF4B-00C04F79EFBC}") = "day10", "day10\day10.csproj", "{2844B72F-6206-41DD-A66C-ECD880668AB0}"
EndProject
Global
	GlobalSection(SolutionConfigurationPlatforms) = preSolution
		Debug|Any CPU = Debug|Any CPU
		Release|Any CPU = Release|Any CPU
	EndGlobalSection
	GlobalSection(ProjectConfigurationPlatforms) = postSolution
		{2844B72F-6206-41DD-A66C-ECD880668AB0}.Debug|Any CPU.ActiveCfg = Debug|Any CPU
		{2844B72F-6206-41DD-A66C-ECD880668AB0}.Debug|Any CPU.Build.0 = Debug|Any CPU
		{2844B72F-6206-41DD-A66C-ECD880668AB0}.Release|Any CPU.ActiveCfg = Release|Any CPU
		{2844B72F-6206-41DD-A66C-ECD880668AB0}.Release|Any CPU.Build.0 = Release|Any CPU
	EndGlobalSection
	GlobalSection(SolutionProperties) = preSolution
		HideSolutionNode = FALSE
	EndGlobalSection
	GlobalSection(ExtensibilityGlobals) = postSolution
		SolutionGuid = {62DFA3BE-82FE-45DC-B7CB-9DDE90493322}
	EndGlobalSection
EndGlobal
