
Microsoft Visual Studio Solution File, Format Version 12.00
# Visual Studio Version 16
VisualStudioVersion = 25.0.1706.7
MinimumVisualStudioVersion = 10.0.40219.1
Project("{FAE04EC0-301F-11D3-BF4B-00C04F79EFBC}") = "DayFour", "DayFour\DayFour.csproj", "{CACAA8E4-C728-4E61-9086-3D063178E03B}"
EndProject
Global
	GlobalSection(SolutionConfigurationPlatforms) = preSolution
		Debug|Any CPU = Debug|Any CPU
		Release|Any CPU = Release|Any CPU
	EndGlobalSection
	GlobalSection(ProjectConfigurationPlatforms) = postSolution
		{CACAA8E4-C728-4E61-9086-3D063178E03B}.Debug|Any CPU.ActiveCfg = Debug|Any CPU
		{CACAA8E4-C728-4E61-9086-3D063178E03B}.Debug|Any CPU.Build.0 = Debug|Any CPU
		{CACAA8E4-C728-4E61-9086-3D063178E03B}.Release|Any CPU.ActiveCfg = Release|Any CPU
		{CACAA8E4-C728-4E61-9086-3D063178E03B}.Release|Any CPU.Build.0 = Release|Any CPU
	EndGlobalSection
	GlobalSection(SolutionProperties) = preSolution
		HideSolutionNode = FALSE
	EndGlobalSection
	GlobalSection(ExtensibilityGlobals) = postSolution
		SolutionGuid = {1B6B02B8-5068-4BF6-90C8-163D54953CEE}
	EndGlobalSection
EndGlobal
